
Microsoft Visual Studio Solution File, Format Version 12.00
# Visual Studio Version 17
VisualStudioVersion = 17.14.36301.6
MinimumVisualStudioVersion = 10.0.40219.1
Project("{FAE04EC0-301F-11D3-BF4B-00C04F79EFBC}") = "BlazorWebApp", "BlazorWebApp\BlazorWebApp\BlazorWebApp.csproj", "{4ECDBBC1-59A6-459F-8E72-8B0ADD1AD564}"
EndProject
Project("{FAE04EC0-301F-11D3-BF4B-00C04F79EFBC}") = "BlazorWebApp.Client", "BlazorWebApp\BlazorWebApp.Client\BlazorWebApp.Client.csproj", "{4492618B-EF18-45EB-913A-8E2B85422AE6}"
EndProject
Project("{FAE04EC0-301F-11D3-BF4B-00C04F79EFBC}") = "Data", "Data\Data.csproj", "{0797DB41-8595-4B4A-A377-B55BCA8CFF01}"
EndProject
Project("{FAE04EC0-301F-11D3-BF4B-00C04F79EFBC}") = "Data.Models", "Data.Models\Data.Models.csproj", "{45DE79ED-8F13-44DD-9A20-634DEFF4C143}"
EndProject
Global
	GlobalSection(SolutionConfigurationPlatforms) = preSolution
		Debug|Any CPU = Debug|Any CPU
		Debug|x64 = Debug|x64
		Debug|x86 = Debug|x86
		Release|Any CPU = Release|Any CPU
		Release|x64 = Release|x64
		Release|x86 = Release|x86
	EndGlobalSection
	GlobalSection(ProjectConfigurationPlatforms) = postSolution
		{4ECDBBC1-59A6-459F-8E72-8B0ADD1AD564}.Debug|Any CPU.ActiveCfg = Debug|Any CPU
		{4ECDBBC1-59A6-459F-8E72-8B0ADD1AD564}.Debug|Any CPU.Build.0 = Debug|Any CPU
		{4ECDBBC1-59A6-459F-8E72-8B0ADD1AD564}.Debug|x64.ActiveCfg = Debug|Any CPU
		{4ECDBBC1-59A6-459F-8E72-8B0ADD1AD564}.Debug|x64.Build.0 = Debug|Any CPU
		{4ECDBBC1-59A6-459F-8E72-8B0ADD1AD564}.Debug|x86.ActiveCfg = Debug|Any CPU
		{4ECDBBC1-59A6-459F-8E72-8B0ADD1AD564}.Debug|x86.Build.0 = Debug|Any CPU
		{4ECDBBC1-59A6-459F-8E72-8B0ADD1AD564}.Release|Any CPU.ActiveCfg = Release|Any CPU
		{4ECDBBC1-59A6-459F-8E72-8B0ADD1AD564}.Release|Any CPU.Build.0 = Release|Any CPU
		{4ECDBBC1-59A6-459F-8E72-8B0ADD1AD564}.Release|x64.ActiveCfg = Release|Any CPU
		{4ECDBBC1-59A6-459F-8E72-8B0ADD1AD564}.Release|x64.Build.0 = Release|Any CPU
		{4ECDBBC1-59A6-459F-8E72-8B0ADD1AD564}.Release|x86.ActiveCfg = Release|Any CPU
		{4ECDBBC1-59A6-459F-8E72-8B0ADD1AD564}.Release|x86.Build.0 = Release|Any CPU
		{4492618B-EF18-45EB-913A-8E2B85422AE6}.Debug|Any CPU.ActiveCfg = Debug|Any CPU
		{4492618B-EF18-45EB-913A-8E2B85422AE6}.Debug|Any CPU.Build.0 = Debug|Any CPU
		{4492618B-EF18-45EB-913A-8E2B85422AE6}.Debug|x64.ActiveCfg = Debug|Any CPU
		{4492618B-EF18-45EB-913A-8E2B85422AE6}.Debug|x64.Build.0 = Debug|Any CPU
		{4492618B-EF18-45EB-913A-8E2B85422AE6}.Debug|x86.ActiveCfg = Debug|Any CPU
		{4492618B-EF18-45EB-913A-8E2B85422AE6}.Debug|x86.Build.0 = Debug|Any CPU
		{4492618B-EF18-45EB-913A-8E2B85422AE6}.Release|Any CPU.ActiveCfg = Release|Any CPU
		{4492618B-EF18-45EB-913A-8E2B85422AE6}.Release|Any CPU.Build.0 = Release|Any CPU
		{4492618B-EF18-45EB-913A-8E2B85422AE6}.Release|x64.ActiveCfg = Release|Any CPU
		{4492618B-EF18-45EB-913A-8E2B85422AE6}.Release|x64.Build.0 = Release|Any CPU
		{4492618B-EF18-45EB-913A-8E2B85422AE6}.Release|x86.ActiveCfg = Release|Any CPU
		{4492618B-EF18-45EB-913A-8E2B85422AE6}.Release|x86.Build.0 = Release|Any CPU
		{0797DB41-8595-4B4A-A377-B55BCA8CFF01}.Debug|Any CPU.ActiveCfg = Debug|Any CPU
		{0797DB41-8595-4B4A-A377-B55BCA8CFF01}.Debug|Any CPU.Build.0 = Debug|Any CPU
		{0797DB41-8595-4B4A-A377-B55BCA8CFF01}.Debug|x64.ActiveCfg = Debug|Any CPU
		{0797DB41-8595-4B4A-A377-B55BCA8CFF01}.Debug|x64.Build.0 = Debug|Any CPU
		{0797DB41-8595-4B4A-A377-B55BCA8CFF01}.Debug|x86.ActiveCfg = Debug|Any CPU
		{0797DB41-8595-4B4A-A377-B55BCA8CFF01}.Debug|x86.Build.0 = Debug|Any CPU
		{0797DB41-8595-4B4A-A377-B55BCA8CFF01}.Release|Any CPU.ActiveCfg = Release|Any CPU
		{0797DB41-8595-4B4A-A377-B55BCA8CFF01}.Release|Any CPU.Build.0 = Release|Any CPU
		{0797DB41-8595-4B4A-A377-B55BCA8CFF01}.Release|x64.ActiveCfg = Release|Any CPU
		{0797DB41-8595-4B4A-A377-B55BCA8CFF01}.Release|x64.Build.0 = Release|Any CPU
		{0797DB41-8595-4B4A-A377-B55BCA8CFF01}.Release|x86.ActiveCfg = Release|Any CPU
		{0797DB41-8595-4B4A-A377-B55BCA8CFF01}.Release|x86.Build.0 = Release|Any CPU
		{45DE79ED-8F13-44DD-9A20-634DEFF4C143}.Debug|Any CPU.ActiveCfg = Debug|Any CPU
		{45DE79ED-8F13-44DD-9A20-634DEFF4C143}.Debug|Any CPU.Build.0 = Debug|Any CPU
		{45DE79ED-8F13-44DD-9A20-634DEFF4C143}.Debug|x64.ActiveCfg = Debug|Any CPU
		{45DE79ED-8F13-44DD-9A20-634DEFF4C143}.Debug|x64.Build.0 = Debug|Any CPU
		{45DE79ED-8F13-44DD-9A20-634DEFF4C143}.Debug|x86.ActiveCfg = Debug|Any CPU
		{45DE79ED-8F13-44DD-9A20-634DEFF4C143}.Debug|x86.Build.0 = Debug|Any CPU
		{45DE79ED-8F13-44DD-9A20-634DEFF4C143}.Release|Any CPU.ActiveCfg = Release|Any CPU
		{45DE79ED-8F13-44DD-9A20-634DEFF4C143}.Release|Any CPU.Build.0 = Release|Any CPU
		{45DE79ED-8F13-44DD-9A20-634DEFF4C143}.Release|x64.ActiveCfg = Release|Any CPU
		{45DE79ED-8F13-44DD-9A20-634DEFF4C143}.Release|x64.Build.0 = Release|Any CPU
		{45DE79ED-8F13-44DD-9A20-634DEFF4C143}.Release|x86.ActiveCfg = Release|Any CPU
		{45DE79ED-8F13-44DD-9A20-634DEFF4C143}.Release|x86.Build.0 = Release|Any CPU
	EndGlobalSection
	GlobalSection(SolutionProperties) = preSolution
		HideSolutionNode = FALSE
	EndGlobalSection
	GlobalSection(ExtensibilityGlobals) = postSolution
		SolutionGuid = {7894FDB1-E38F-4F5A-AF8C-9A1BCCF9BA79}
	EndGlobalSection
EndGlobal
